
Microsoft Visual Studio Solution File, Format Version 12.00
# Visual Studio 15
VisualStudioVersion = 15.0.27004.2009
MinimumVisualStudioVersion = 10.0.40219.1
Project("{FAE04EC0-301F-11D3-BF4B-00C04F79EFBC}") = "BT Reset", "BT Reset\BT Reset.csproj", "{64CB8C96-F9E8-445E-A3A8-6F6073479F21}"
EndProject
Global
	GlobalSection(SolutionConfigurationPlatforms) = preSolution
		Debug|Any CPU = Debug|Any CPU
		Release|Any CPU = Release|Any CPU
	EndGlobalSection
	GlobalSection(ProjectConfigurationPlatforms) = postSolution
		{64CB8C96-F9E8-445E-A3A8-6F6073479F21}.Debug|Any CPU.ActiveCfg = Debug|Any CPU
		{64CB8C96-F9E8-445E-A3A8-6F6073479F21}.Debug|Any CPU.Build.0 = Debug|Any CPU
		{64CB8C96-F9E8-445E-A3A8-6F6073479F21}.Release|Any CPU.ActiveCfg = Release|Any CPU
		{64CB8C96-F9E8-445E-A3A8-6F6073479F21}.Release|Any CPU.Build.0 = Release|Any CPU
	EndGlobalSection
	GlobalSection(SolutionProperties) = preSolution
		HideSolutionNode = FALSE
	EndGlobalSection
	GlobalSection(ExtensibilityGlobals) = postSolution
		SolutionGuid = {238719BE-197F-4E4C-9770-C479DF25A5B3}
	EndGlobalSection
EndGlobal
